// !$*UTF8*$!
{
	archiveVersion = 1;
	classes = {
	};
	objectVersion = 46;
	objects = {

/* Begin PBXBuildFile section */
		842806E81F3B6842003A0CC4 /* MLTool.m in Sources */ = {isa = PBXBuildFile; fileRef = 842806E31F3B6842003A0CC4 /* MLTool.m */; };
		842806E91F3B6842003A0CC4 /* NSArray+Safe.m in Sources */ = {isa = PBXBuildFile; fileRef = 842806E51F3B6842003A0CC4 /* NSArray+Safe.m */; };
		842806EA1F3B6842003A0CC4 /* UIView+Position.m in Sources */ = {isa = PBXBuildFile; fileRef = 842806E71F3B6842003A0CC4 /* UIView+Position.m */; };
		842807591F3B6AAB003A0CC4 /* Info.plist in Resources */ = {isa = PBXBuildFile; fileRef = 842806EC1F3B6AAB003A0CC4 /* Info.plist */; };
		8428075A1F3B6AAB003A0CC4 /* MJExtensionConst.m in Sources */ = {isa = PBXBuildFile; fileRef = 842806EF1F3B6AAB003A0CC4 /* MJExtensionConst.m */; };
		8428075B1F3B6AAB003A0CC4 /* MJFoundation.m in Sources */ = {isa = PBXBuildFile; fileRef = 842806F11F3B6AAB003A0CC4 /* MJFoundation.m */; };
		8428075C1F3B6AAB003A0CC4 /* MJProperty.m in Sources */ = {isa = PBXBuildFile; fileRef = 842806F31F3B6AAB003A0CC4 /* MJProperty.m */; };
		8428075D1F3B6AAC003A0CC4 /* MJPropertyKey.m in Sources */ = {isa = PBXBuildFile; fileRef = 842806F51F3B6AAB003A0CC4 /* MJPropertyKey.m */; };
		8428075E1F3B6AAC003A0CC4 /* MJPropertyType.m in Sources */ = {isa = PBXBuildFile; fileRef = 842806F71F3B6AAB003A0CC4 /* MJPropertyType.m */; };
		8428075F1F3B6AAC003A0CC4 /* NSObject+MJClass.m in Sources */ = {isa = PBXBuildFile; fileRef = 842806F91F3B6AAB003A0CC4 /* NSObject+MJClass.m */; };
		842807601F3B6AAC003A0CC4 /* NSObject+MJCoding.m in Sources */ = {isa = PBXBuildFile; fileRef = 842806FB1F3B6AAB003A0CC4 /* NSObject+MJCoding.m */; };
		842807611F3B6AAC003A0CC4 /* NSObject+MJKeyValue.m in Sources */ = {isa = PBXBuildFile; fileRef = 842806FD1F3B6AAB003A0CC4 /* NSObject+MJKeyValue.m */; };
		842807621F3B6AAC003A0CC4 /* NSObject+MJProperty.m in Sources */ = {isa = PBXBuildFile; fileRef = 842806FF1F3B6AAB003A0CC4 /* NSObject+MJProperty.m */; };
		842807631F3B6AAC003A0CC4 /* NSString+MJExtension.m in Sources */ = {isa = PBXBuildFile; fileRef = 842807011F3B6AAB003A0CC4 /* NSString+MJExtension.m */; };
		842807641F3B6AAC003A0CC4 /* MJRefreshAutoFooter.m in Sources */ = {isa = PBXBuildFile; fileRef = 842807051F3B6AAB003A0CC4 /* MJRefreshAutoFooter.m */; };
		842807651F3B6AAC003A0CC4 /* MJRefreshBackFooter.m in Sources */ = {isa = PBXBuildFile; fileRef = 842807071F3B6AAB003A0CC4 /* MJRefreshBackFooter.m */; };
		842807661F3B6AAC003A0CC4 /* MJRefreshComponent.m in Sources */ = {isa = PBXBuildFile; fileRef = 842807091F3B6AAB003A0CC4 /* MJRefreshComponent.m */; };
		842807671F3B6AAC003A0CC4 /* MJRefreshFooter.m in Sources */ = {isa = PBXBuildFile; fileRef = 8428070B1F3B6AAB003A0CC4 /* MJRefreshFooter.m */; };
		842807681F3B6AAC003A0CC4 /* MJRefreshHeader.m in Sources */ = {isa = PBXBuildFile; fileRef = 8428070D1F3B6AAB003A0CC4 /* MJRefreshHeader.m */; };
		842807691F3B6AAC003A0CC4 /* MJRefreshAutoGifFooter.m in Sources */ = {isa = PBXBuildFile; fileRef = 842807121F3B6AAB003A0CC4 /* MJRefreshAutoGifFooter.m */; };
		8428076A1F3B6AAC003A0CC4 /* MJRefreshAutoNormalFooter.m in Sources */ = {isa = PBXBuildFile; fileRef = 842807141F3B6AAB003A0CC4 /* MJRefreshAutoNormalFooter.m */; };
		8428076B1F3B6AAC003A0CC4 /* MJRefreshAutoStateFooter.m in Sources */ = {isa = PBXBuildFile; fileRef = 842807161F3B6AAB003A0CC4 /* MJRefreshAutoStateFooter.m */; };
		8428076C1F3B6AAC003A0CC4 /* MJRefreshBackGifFooter.m in Sources */ = {isa = PBXBuildFile; fileRef = 842807191F3B6AAB003A0CC4 /* MJRefreshBackGifFooter.m */; };
		8428076D1F3B6AAC003A0CC4 /* MJRefreshBackNormalFooter.m in Sources */ = {isa = PBXBuildFile; fileRef = 8428071B1F3B6AAB003A0CC4 /* MJRefreshBackNormalFooter.m */; };
		8428076E1F3B6AAC003A0CC4 /* MJRefreshBackStateFooter.m in Sources */ = {isa = PBXBuildFile; fileRef = 8428071D1F3B6AAB003A0CC4 /* MJRefreshBackStateFooter.m */; };
		8428076F1F3B6AAC003A0CC4 /* MJRefreshGifHeader.m in Sources */ = {isa = PBXBuildFile; fileRef = 842807201F3B6AAB003A0CC4 /* MJRefreshGifHeader.m */; };
		842807701F3B6AAC003A0CC4 /* MJRefreshNormalHeader.m in Sources */ = {isa = PBXBuildFile; fileRef = 842807221F3B6AAB003A0CC4 /* MJRefreshNormalHeader.m */; };
		842807711F3B6AAC003A0CC4 /* MJRefreshStateHeader.m in Sources */ = {isa = PBXBuildFile; fileRef = 842807241F3B6AAB003A0CC4 /* MJRefreshStateHeader.m */; };
		842807721F3B6AAC003A0CC4 /* MJRefresh.bundle in Resources */ = {isa = PBXBuildFile; fileRef = 842807251F3B6AAB003A0CC4 /* MJRefresh.bundle */; };
		842807731F3B6AAC003A0CC4 /* MJRefreshConst.m in Sources */ = {isa = PBXBuildFile; fileRef = 842807281F3B6AAB003A0CC4 /* MJRefreshConst.m */; };
		842807741F3B6AAC003A0CC4 /* NSBundle+MJRefresh.m in Sources */ = {isa = PBXBuildFile; fileRef = 8428072A1F3B6AAB003A0CC4 /* NSBundle+MJRefresh.m */; };
		842807751F3B6AAC003A0CC4 /* UIScrollView+MJExtension.m in Sources */ = {isa = PBXBuildFile; fileRef = 8428072C1F3B6AAB003A0CC4 /* UIScrollView+MJExtension.m */; };
		842807761F3B6AAC003A0CC4 /* UIScrollView+MJRefresh.m in Sources */ = {isa = PBXBuildFile; fileRef = 8428072E1F3B6AAB003A0CC4 /* UIScrollView+MJRefresh.m */; };
		842807771F3B6AAC003A0CC4 /* UIView+MJExtension.m in Sources */ = {isa = PBXBuildFile; fileRef = 842807301F3B6AAB003A0CC4 /* UIView+MJExtension.m */; };
		842807781F3B6AAC003A0CC4 /* MKAnnotationView+WebCache.m in Sources */ = {isa = PBXBuildFile; fileRef = 842807331F3B6AAB003A0CC4 /* MKAnnotationView+WebCache.m */; };
		842807791F3B6AAC003A0CC4 /* NSData+ImageContentType.m in Sources */ = {isa = PBXBuildFile; fileRef = 842807351F3B6AAB003A0CC4 /* NSData+ImageContentType.m */; };
		8428077A1F3B6AAC003A0CC4 /* NSImage+WebCache.m in Sources */ = {isa = PBXBuildFile; fileRef = 842807371F3B6AAB003A0CC4 /* NSImage+WebCache.m */; };
		8428077B1F3B6AAC003A0CC4 /* SDImageCache.m in Sources */ = {isa = PBXBuildFile; fileRef = 842807391F3B6AAB003A0CC4 /* SDImageCache.m */; };
		8428077C1F3B6AAC003A0CC4 /* SDImageCacheConfig.m in Sources */ = {isa = PBXBuildFile; fileRef = 8428073B1F3B6AAB003A0CC4 /* SDImageCacheConfig.m */; };
		8428077D1F3B6AAC003A0CC4 /* SDWebImageCompat.m in Sources */ = {isa = PBXBuildFile; fileRef = 8428073D1F3B6AAB003A0CC4 /* SDWebImageCompat.m */; };
		8428077E1F3B6AAC003A0CC4 /* SDWebImageDecoder.m in Sources */ = {isa = PBXBuildFile; fileRef = 8428073F1F3B6AAB003A0CC4 /* SDWebImageDecoder.m */; };
		8428077F1F3B6AAC003A0CC4 /* SDWebImageDownloader.m in Sources */ = {isa = PBXBuildFile; fileRef = 842807411F3B6AAB003A0CC4 /* SDWebImageDownloader.m */; };
		842807801F3B6AAC003A0CC4 /* SDWebImageDownloaderOperation.m in Sources */ = {isa = PBXBuildFile; fileRef = 842807431F3B6AAB003A0CC4 /* SDWebImageDownloaderOperation.m */; };
		842807811F3B6AAC003A0CC4 /* SDWebImageManager.m in Sources */ = {isa = PBXBuildFile; fileRef = 842807451F3B6AAB003A0CC4 /* SDWebImageManager.m */; };
		842807821F3B6AAC003A0CC4 /* SDWebImagePrefetcher.m in Sources */ = {isa = PBXBuildFile; fileRef = 842807481F3B6AAB003A0CC4 /* SDWebImagePrefetcher.m */; };
		842807831F3B6AAC003A0CC4 /* UIButton+WebCache.m in Sources */ = {isa = PBXBuildFile; fileRef = 8428074A1F3B6AAB003A0CC4 /* UIButton+WebCache.m */; };
		842807841F3B6AAC003A0CC4 /* UIImage+GIF.m in Sources */ = {isa = PBXBuildFile; fileRef = 8428074C1F3B6AAB003A0CC4 /* UIImage+GIF.m */; };
		842807851F3B6AAC003A0CC4 /* UIImage+MultiFormat.m in Sources */ = {isa = PBXBuildFile; fileRef = 8428074E1F3B6AAB003A0CC4 /* UIImage+MultiFormat.m */; };
		842807861F3B6AAC003A0CC4 /* UIImage+WebP.m in Sources */ = {isa = PBXBuildFile; fileRef = 842807501F3B6AAB003A0CC4 /* UIImage+WebP.m */; };
		842807871F3B6AAC003A0CC4 /* UIImageView+HighlightedWebCache.m in Sources */ = {isa = PBXBuildFile; fileRef = 842807521F3B6AAB003A0CC4 /* UIImageView+HighlightedWebCache.m */; };
		842807881F3B6AAC003A0CC4 /* UIImageView+WebCache.m in Sources */ = {isa = PBXBuildFile; fileRef = 842807541F3B6AAB003A0CC4 /* UIImageView+WebCache.m */; };
		842807891F3B6AAC003A0CC4 /* UIView+WebCache.m in Sources */ = {isa = PBXBuildFile; fileRef = 842807561F3B6AAB003A0CC4 /* UIView+WebCache.m */; };
		8428078A1F3B6AAC003A0CC4 /* UIView+WebCacheOperation.m in Sources */ = {isa = PBXBuildFile; fileRef = 842807581F3B6AAB003A0CC4 /* UIView+WebCacheOperation.m */; };
		842807981F3C6ACE003A0CC4 /* MLBorderView.m in Sources */ = {isa = PBXBuildFile; fileRef = 8428078C1F3C6ACE003A0CC4 /* MLBorderView.m */; };
		842807991F3C6ACE003A0CC4 /* MLComment.m in Sources */ = {isa = PBXBuildFile; fileRef = 8428078E1F3C6ACE003A0CC4 /* MLComment.m */; };
		8428079A1F3C6ACE003A0CC4 /* MLCommentContentCell.m in Sources */ = {isa = PBXBuildFile; fileRef = 842807901F3C6ACE003A0CC4 /* MLCommentContentCell.m */; };
		8428079B1F3C6ACE003A0CC4 /* MLCommentContentList.m in Sources */ = {isa = PBXBuildFile; fileRef = 842807921F3C6ACE003A0CC4 /* MLCommentContentList.m */; };
		8428079C1F3C6ACE003A0CC4 /* MLCommentViewController.m in Sources */ = {isa = PBXBuildFile; fileRef = 842807941F3C6ACE003A0CC4 /* MLCommentViewController.m */; };
		8428079D1F3C6ACE003A0CC4 /* MLCommentVoteButton.m in Sources */ = {isa = PBXBuildFile; fileRef = 842807961F3C6ACE003A0CC4 /* MLCommentVoteButton.m */; };
		8428079E1F3C6ACE003A0CC4 /* MLCommentVoteButton.xib in Resources */ = {isa = PBXBuildFile; fileRef = 842807971F3C6ACE003A0CC4 /* MLCommentVoteButton.xib */; };
		842807A11F3C6C2F003A0CC4 /* UIViewController+AnimationHUD.m in Sources */ = {isa = PBXBuildFile; fileRef = 842807A01F3C6C2F003A0CC4 /* UIViewController+AnimationHUD.m */; };
		842807A51F3C6C9A003A0CC4 /* MLRefreshView.m in Sources */ = {isa = PBXBuildFile; fileRef = 842807A41F3C6C9A003A0CC4 /* MLRefreshView.m */; };
		84CB78071F263AC7002DB5F7 /* main.m in Sources */ = {isa = PBXBuildFile; fileRef = 84CB78061F263AC7002DB5F7 /* main.m */; };
		84CB780A1F263AC7002DB5F7 /* AppDelegate.m in Sources */ = {isa = PBXBuildFile; fileRef = 84CB78091F263AC7002DB5F7 /* AppDelegate.m */; };
		84CB780D1F263AC7002DB5F7 /* ViewController.m in Sources */ = {isa = PBXBuildFile; fileRef = 84CB780C1F263AC7002DB5F7 /* ViewController.m */; };
		84CB78101F263AC7002DB5F7 /* Main.storyboard in Resources */ = {isa = PBXBuildFile; fileRef = 84CB780E1F263AC7002DB5F7 /* Main.storyboard */; };
		84CB78121F263AC7002DB5F7 /* Assets.xcassets in Resources */ = {isa = PBXBuildFile; fileRef = 84CB78111F263AC7002DB5F7 /* Assets.xcassets */; };
		84CB78151F263AC7002DB5F7 /* LaunchScreen.storyboard in Resources */ = {isa = PBXBuildFile; fileRef = 84CB78131F263AC7002DB5F7 /* LaunchScreen.storyboard */; };
		84CB78201F263AC7002DB5F7 /* MLCommentPageTests.m in Sources */ = {isa = PBXBuildFile; fileRef = 84CB781F1F263AC7002DB5F7 /* MLCommentPageTests.m */; };
		84CB782B1F263AC7002DB5F7 /* MLCommentPageUITests.m in Sources */ = {isa = PBXBuildFile; fileRef = 84CB782A1F263AC7002DB5F7 /* MLCommentPageUITests.m */; };
		84CB78541F263AE5002DB5F7 /* agreed_icon@2x.png in Resources */ = {isa = PBXBuildFile; fileRef = 84CB78471F263AE5002DB5F7 /* agreed_icon@2x.png */; };
		84CB78551F263AE5002DB5F7 /* extension_icon@2x.png in Resources */ = {isa = PBXBuildFile; fileRef = 84CB78481F263AE5002DB5F7 /* extension_icon@2x.png */; };
		84CB78561F263AE5002DB5F7 /* reply_icon@2x.png in Resources */ = {isa = PBXBuildFile; fileRef = 84CB78491F263AE5002DB5F7 /* reply_icon@2x.png */; };
		84CB78571F263AE6002DB5F7 /* NSString+URLEncode.m in Sources */ = {isa = PBXBuildFile; fileRef = 84CB784C1F263AE5002DB5F7 /* NSString+URLEncode.m */; };
/* End PBXBuildFile section */

/* Begin PBXContainerItemProxy section */
		84CB781C1F263AC7002DB5F7 /* PBXContainerItemProxy */ = {
			isa = PBXContainerItemProxy;
			containerPortal = 84CB77FA1F263AC7002DB5F7 /* Project object */;
			proxyType = 1;
			remoteGlobalIDString = 84CB78011F263AC7002DB5F7;
			remoteInfo = MLCommentPage;
		};
		84CB78271F263AC7002DB5F7 /* PBXContainerItemProxy */ = {
			isa = PBXContainerItemProxy;
			containerPortal = 84CB77FA1F263AC7002DB5F7 /* Project object */;
			proxyType = 1;
			remoteGlobalIDString = 84CB78011F263AC7002DB5F7;
			remoteInfo = MLCommentPage;
		};
/* End PBXContainerItemProxy section */

/* Begin PBXFileReference section */
		842806E21F3B6842003A0CC4 /* MLTool.h */ = {isa = PBXFileReference; fileEncoding = 4; lastKnownFileType = sourcecode.c.h; path = MLTool.h; sourceTree = "<group>"; };
		842806E31F3B6842003A0CC4 /* MLTool.m */ = {isa = PBXFileReference; fileEncoding = 4; lastKnownFileType = sourcecode.c.objc; path = MLTool.m; sourceTree = "<group>"; };
		842806E41F3B6842003A0CC4 /* NSArray+Safe.h */ = {isa = PBXFileReference; fileEncoding = 4; lastKnownFileType = sourcecode.c.h; path = "NSArray+Safe.h"; sourceTree = "<group>"; };
		842806E51F3B6842003A0CC4 /* NSArray+Safe.m */ = {isa = PBXFileReference; fileEncoding = 4; lastKnownFileType = sourcecode.c.objc; path = "NSArray+Safe.m"; sourceTree = "<group>"; };
		842806E61F3B6842003A0CC4 /* UIView+Position.h */ = {isa = PBXFileReference; fileEncoding = 4; lastKnownFileType = sourcecode.c.h; path = "UIView+Position.h"; sourceTree = "<group>"; };
		842806E71F3B6842003A0CC4 /* UIView+Position.m */ = {isa = PBXFileReference; fileEncoding = 4; lastKnownFileType = sourcecode.c.objc; path = "UIView+Position.m"; sourceTree = "<group>"; };
		842806EC1F3B6AAB003A0CC4 /* Info.plist */ = {isa = PBXFileReference; fileEncoding = 4; lastKnownFileType = text.plist.xml; path = Info.plist; sourceTree = "<group>"; };
		842806ED1F3B6AAB003A0CC4 /* MJExtension.h */ = {isa = PBXFileReference; fileEncoding = 4; lastKnownFileType = sourcecode.c.h; path = MJExtension.h; sourceTree = "<group>"; };
		842806EE1F3B6AAB003A0CC4 /* MJExtensionConst.h */ = {isa = PBXFileReference; fileEncoding = 4; lastKnownFileType = sourcecode.c.h; path = MJExtensionConst.h; sourceTree = "<group>"; };
		842806EF1F3B6AAB003A0CC4 /* MJExtensionConst.m */ = {isa = PBXFileReference; fileEncoding = 4; lastKnownFileType = sourcecode.c.objc; path = MJExtensionConst.m; sourceTree = "<group>"; };
		842806F01F3B6AAB003A0CC4 /* MJFoundation.h */ = {isa = PBXFileReference; fileEncoding = 4; lastKnownFileType = sourcecode.c.h; path = MJFoundation.h; sourceTree = "<group>"; };
		842806F11F3B6AAB003A0CC4 /* MJFoundation.m */ = {isa = PBXFileReference; fileEncoding = 4; lastKnownFileType = sourcecode.c.objc; path = MJFoundation.m; sourceTree = "<group>"; };
		842806F21F3B6AAB003A0CC4 /* MJProperty.h */ = {isa = PBXFileReference; fileEncoding = 4; lastKnownFileType = sourcecode.c.h; path = MJProperty.h; sourceTree = "<group>"; };
		842806F31F3B6AAB003A0CC4 /* MJProperty.m */ = {isa = PBXFileReference; fileEncoding = 4; lastKnownFileType = sourcecode.c.objc; path = MJProperty.m; sourceTree = "<group>"; };
		842806F41F3B6AAB003A0CC4 /* MJPropertyKey.h */ = {isa = PBXFileReference; fileEncoding = 4; lastKnownFileType = sourcecode.c.h; path = MJPropertyKey.h; sourceTree = "<group>"; };
		842806F51F3B6AAB003A0CC4 /* MJPropertyKey.m */ = {isa = PBXFileReference; fileEncoding = 4; lastKnownFileType = sourcecode.c.objc; path = MJPropertyKey.m; sourceTree = "<group>"; };
		842806F61F3B6AAB003A0CC4 /* MJPropertyType.h */ = {isa = PBXFileReference; fileEncoding = 4; lastKnownFileType = sourcecode.c.h; path = MJPropertyType.h; sourceTree = "<group>"; };
		842806F71F3B6AAB003A0CC4 /* MJPropertyType.m */ = {isa = PBXFileReference; fileEncoding = 4; lastKnownFileType = sourcecode.c.objc; path = MJPropertyType.m; sourceTree = "<group>"; };
		842806F81F3B6AAB003A0CC4 /* NSObject+MJClass.h */ = {isa = PBXFileReference; fileEncoding = 4; lastKnownFileType = sourcecode.c.h; path = "NSObject+MJClass.h"; sourceTree = "<group>"; };
		842806F91F3B6AAB003A0CC4 /* NSObject+MJClass.m */ = {isa = PBXFileReference; fileEncoding = 4; lastKnownFileType = sourcecode.c.objc; path = "NSObject+MJClass.m"; sourceTree = "<group>"; };
		842806FA1F3B6AAB003A0CC4 /* NSObject+MJCoding.h */ = {isa = PBXFileReference; fileEncoding = 4; lastKnownFileType = sourcecode.c.h; path = "NSObject+MJCoding.h"; sourceTree = "<group>"; };
		842806FB1F3B6AAB003A0CC4 /* NSObject+MJCoding.m */ = {isa = PBXFileReference; fileEncoding = 4; lastKnownFileType = sourcecode.c.objc; path = "NSObject+MJCoding.m"; sourceTree = "<group>"; };
		842806FC1F3B6AAB003A0CC4 /* NSObject+MJKeyValue.h */ = {isa = PBXFileReference; fileEncoding = 4; lastKnownFileType = sourcecode.c.h; path = "NSObject+MJKeyValue.h"; sourceTree = "<group>"; };
		842806FD1F3B6AAB003A0CC4 /* NSObject+MJKeyValue.m */ = {isa = PBXFileReference; fileEncoding = 4; lastKnownFileType = sourcecode.c.objc; path = "NSObject+MJKeyValue.m"; sourceTree = "<group>"; };
		842806FE1F3B6AAB003A0CC4 /* NSObject+MJProperty.h */ = {isa = PBXFileReference; fileEncoding = 4; lastKnownFileType = sourcecode.c.h; path = "NSObject+MJProperty.h"; sourceTree = "<group>"; };
		842806FF1F3B6AAB003A0CC4 /* NSObject+MJProperty.m */ = {isa = PBXFileReference; fileEncoding = 4; lastKnownFileType = sourcecode.c.objc; path = "NSObject+MJProperty.m"; sourceTree = "<group>"; };
		842807001F3B6AAB003A0CC4 /* NSString+MJExtension.h */ = {isa = PBXFileReference; fileEncoding = 4; lastKnownFileType = sourcecode.c.h; path = "NSString+MJExtension.h"; sourceTree = "<group>"; };
		842807011F3B6AAB003A0CC4 /* NSString+MJExtension.m */ = {isa = PBXFileReference; fileEncoding = 4; lastKnownFileType = sourcecode.c.objc; path = "NSString+MJExtension.m"; sourceTree = "<group>"; };
		842807041F3B6AAB003A0CC4 /* MJRefreshAutoFooter.h */ = {isa = PBXFileReference; fileEncoding = 4; lastKnownFileType = sourcecode.c.h; path = MJRefreshAutoFooter.h; sourceTree = "<group>"; };
		842807051F3B6AAB003A0CC4 /* MJRefreshAutoFooter.m */ = {isa = PBXFileReference; fileEncoding = 4; lastKnownFileType = sourcecode.c.objc; path = MJRefreshAutoFooter.m; sourceTree = "<group>"; };
		842807061F3B6AAB003A0CC4 /* MJRefreshBackFooter.h */ = {isa = PBXFileReference; fileEncoding = 4; lastKnownFileType = sourcecode.c.h; path = MJRefreshBackFooter.h; sourceTree = "<group>"; };
		842807071F3B6AAB003A0CC4 /* MJRefreshBackFooter.m */ = {isa = PBXFileReference; fileEncoding = 4; lastKnownFileType = sourcecode.c.objc; path = MJRefreshBackFooter.m; sourceTree = "<group>"; };
		842807081F3B6AAB003A0CC4 /* MJRefreshComponent.h */ = {isa = PBXFileReference; fileEncoding = 4; lastKnownFileType = sourcecode.c.h; path = MJRefreshComponent.h; sourceTree = "<group>"; };
		842807091F3B6AAB003A0CC4 /* MJRefreshComponent.m */ = {isa = PBXFileReference; fileEncoding = 4; lastKnownFileType = sourcecode.c.objc; path = MJRefreshComponent.m; sourceTree = "<group>"; };
		8428070A1F3B6AAB003A0CC4 /* MJRefreshFooter.h */ = {isa = PBXFileReference; fileEncoding = 4; lastKnownFileType = sourcecode.c.h; path = MJRefreshFooter.h; sourceTree = "<group>"; };
		8428070B1F3B6AAB003A0CC4 /* MJRefreshFooter.m */ = {isa = PBXFileReference; fileEncoding = 4; lastKnownFileType = sourcecode.c.objc; path = MJRefreshFooter.m; sourceTree = "<group>"; };
		8428070C1F3B6AAB003A0CC4 /* MJRefreshHeader.h */ = {isa = PBXFileReference; fileEncoding = 4; lastKnownFileType = sourcecode.c.h; path = MJRefreshHeader.h; sourceTree = "<group>"; };
		8428070D1F3B6AAB003A0CC4 /* MJRefreshHeader.m */ = {isa = PBXFileReference; fileEncoding = 4; lastKnownFileType = sourcecode.c.objc; path = MJRefreshHeader.m; sourceTree = "<group>"; };
		842807111F3B6AAB003A0CC4 /* MJRefreshAutoGifFooter.h */ = {isa = PBXFileReference; fileEncoding = 4; lastKnownFileType = sourcecode.c.h; path = MJRefreshAutoGifFooter.h; sourceTree = "<group>"; };
		842807121F3B6AAB003A0CC4 /* MJRefreshAutoGifFooter.m */ = {isa = PBXFileReference; fileEncoding = 4; lastKnownFileType = sourcecode.c.objc; path = MJRefreshAutoGifFooter.m; sourceTree = "<group>"; };
		842807131F3B6AAB003A0CC4 /* MJRefreshAutoNormalFooter.h */ = {isa = PBXFileReference; fileEncoding = 4; lastKnownFileType = sourcecode.c.h; path = MJRefreshAutoNormalFooter.h; sourceTree = "<group>"; };
		842807141F3B6AAB003A0CC4 /* MJRefreshAutoNormalFooter.m */ = {isa = PBXFileReference; fileEncoding = 4; lastKnownFileType = sourcecode.c.objc; path = MJRefreshAutoNormalFooter.m; sourceTree = "<group>"; };
		842807151F3B6AAB003A0CC4 /* MJRefreshAutoStateFooter.h */ = {isa = PBXFileReference; fileEncoding = 4; lastKnownFileType = sourcecode.c.h; path = MJRefreshAutoStateFooter.h; sourceTree = "<group>"; };
		842807161F3B6AAB003A0CC4 /* MJRefreshAutoStateFooter.m */ = {isa = PBXFileReference; fileEncoding = 4; lastKnownFileType = sourcecode.c.objc; path = MJRefreshAutoStateFooter.m; sourceTree = "<group>"; };
		842807181F3B6AAB003A0CC4 /* MJRefreshBackGifFooter.h */ = {isa = PBXFileReference; fileEncoding = 4; lastKnownFileType = sourcecode.c.h; path = MJRefreshBackGifFooter.h; sourceTree = "<group>"; };
		842807191F3B6AAB003A0CC4 /* MJRefreshBackGifFooter.m */ = {isa = PBXFileReference; fileEncoding = 4; lastKnownFileType = sourcecode.c.objc; path = MJRefreshBackGifFooter.m; sourceTree = "<group>"; };
		8428071A1F3B6AAB003A0CC4 /* MJRefreshBackNormalFooter.h */ = {isa = PBXFileReference; fileEncoding = 4; lastKnownFileType = sourcecode.c.h; path = MJRefreshBackNormalFooter.h; sourceTree = "<group>"; };
		8428071B1F3B6AAB003A0CC4 /* MJRefreshBackNormalFooter.m */ = {isa = PBXFileReference; fileEncoding = 4; lastKnownFileType = sourcecode.c.objc; path = MJRefreshBackNormalFooter.m; sourceTree = "<group>"; };
		8428071C1F3B6AAB003A0CC4 /* MJRefreshBackStateFooter.h */ = {isa = PBXFileReference; fileEncoding = 4; lastKnownFileType = sourcecode.c.h; path = MJRefreshBackStateFooter.h; sourceTree = "<group>"; };
		8428071D1F3B6AAB003A0CC4 /* MJRefreshBackStateFooter.m */ = {isa = PBXFileReference; fileEncoding = 4; lastKnownFileType = sourcecode.c.objc; path = MJRefreshBackStateFooter.m; sourceTree = "<group>"; };
		8428071F1F3B6AAB003A0CC4 /* MJRefreshGifHeader.h */ = {isa = PBXFileReference; fileEncoding = 4; lastKnownFileType = sourcecode.c.h; path = MJRefreshGifHeader.h; sourceTree = "<group>"; };
		842807201F3B6AAB003A0CC4 /* MJRefreshGifHeader.m */ = {isa = PBXFileReference; fileEncoding = 4; lastKnownFileType = sourcecode.c.objc; path = MJRefreshGifHeader.m; sourceTree = "<group>"; };
		842807211F3B6AAB003A0CC4 /* MJRefreshNormalHeader.h */ = {isa = PBXFileReference; fileEncoding = 4; lastKnownFileType = sourcecode.c.h; path = MJRefreshNormalHeader.h; sourceTree = "<group>"; };
		842807221F3B6AAB003A0CC4 /* MJRefreshNormalHeader.m */ = {isa = PBXFileReference; fileEncoding = 4; lastKnownFileType = sourcecode.c.objc; path = MJRefreshNormalHeader.m; sourceTree = "<group>"; };
		842807231F3B6AAB003A0CC4 /* MJRefreshStateHeader.h */ = {isa = PBXFileReference; fileEncoding = 4; lastKnownFileType = sourcecode.c.h; path = MJRefreshStateHeader.h; sourceTree = "<group>"; };
		842807241F3B6AAB003A0CC4 /* MJRefreshStateHeader.m */ = {isa = PBXFileReference; fileEncoding = 4; lastKnownFileType = sourcecode.c.objc; path = MJRefreshStateHeader.m; sourceTree = "<group>"; };
		842807251F3B6AAB003A0CC4 /* MJRefresh.bundle */ = {isa = PBXFileReference; lastKnownFileType = "wrapper.plug-in"; path = MJRefresh.bundle; sourceTree = "<group>"; };
		842807261F3B6AAB003A0CC4 /* MJRefresh.h */ = {isa = PBXFileReference; fileEncoding = 4; lastKnownFileType = sourcecode.c.h; path = MJRefresh.h; sourceTree = "<group>"; };
		842807271F3B6AAB003A0CC4 /* MJRefreshConst.h */ = {isa = PBXFileReference; fileEncoding = 4; lastKnownFileType = sourcecode.c.h; path = MJRefreshConst.h; sourceTree = "<group>"; };
		842807281F3B6AAB003A0CC4 /* MJRefreshConst.m */ = {isa = PBXFileReference; fileEncoding = 4; lastKnownFileType = sourcecode.c.objc; path = MJRefreshConst.m; sourceTree = "<group>"; };
		842807291F3B6AAB003A0CC4 /* NSBundle+MJRefresh.h */ = {isa = PBXFileReference; fileEncoding = 4; lastKnownFileType = sourcecode.c.h; path = "NSBundle+MJRefresh.h"; sourceTree = "<group>"; };
		8428072A1F3B6AAB003A0CC4 /* NSBundle+MJRefresh.m */ = {isa = PBXFileReference; fileEncoding = 4; lastKnownFileType = sourcecode.c.objc; path = "NSBundle+MJRefresh.m"; sourceTree = "<group>"; };
		8428072B1F3B6AAB003A0CC4 /* UIScrollView+MJExtension.h */ = {isa = PBXFileReference; fileEncoding = 4; lastKnownFileType = sourcecode.c.h; path = "UIScrollView+MJExtension.h"; sourceTree = "<group>"; };
		8428072C1F3B6AAB003A0CC4 /* UIScrollView+MJExtension.m */ = {isa = PBXFileReference; fileEncoding = 4; lastKnownFileType = sourcecode.c.objc; path = "UIScrollView+MJExtension.m"; sourceTree = "<group>"; };
		8428072D1F3B6AAB003A0CC4 /* UIScrollView+MJRefresh.h */ = {isa = PBXFileReference; fileEncoding = 4; lastKnownFileType = sourcecode.c.h; path = "UIScrollView+MJRefresh.h"; sourceTree = "<group>"; };
		8428072E1F3B6AAB003A0CC4 /* UIScrollView+MJRefresh.m */ = {isa = PBXFileReference; fileEncoding = 4; lastKnownFileType = sourcecode.c.objc; path = "UIScrollView+MJRefresh.m"; sourceTree = "<group>"; };
		8428072F1F3B6AAB003A0CC4 /* UIView+MJExtension.h */ = {isa = PBXFileReference; fileEncoding = 4; lastKnownFileType = sourcecode.c.h; path = "UIView+MJExtension.h"; sourceTree = "<group>"; };
		842807301F3B6AAB003A0CC4 /* UIView+MJExtension.m */ = {isa = PBXFileReference; fileEncoding = 4; lastKnownFileType = sourcecode.c.objc; path = "UIView+MJExtension.m"; sourceTree = "<group>"; };
		842807321F3B6AAB003A0CC4 /* MKAnnotationView+WebCache.h */ = {isa = PBXFileReference; fileEncoding = 4; lastKnownFileType = sourcecode.c.h; path = "MKAnnotationView+WebCache.h"; sourceTree = "<group>"; };
		842807331F3B6AAB003A0CC4 /* MKAnnotationView+WebCache.m */ = {isa = PBXFileReference; fileEncoding = 4; lastKnownFileType = sourcecode.c.objc; path = "MKAnnotationView+WebCache.m"; sourceTree = "<group>"; };
		842807341F3B6AAB003A0CC4 /* NSData+ImageContentType.h */ = {isa = PBXFileReference; fileEncoding = 4; lastKnownFileType = sourcecode.c.h; path = "NSData+ImageContentType.h"; sourceTree = "<group>"; };
		842807351F3B6AAB003A0CC4 /* NSData+ImageContentType.m */ = {isa = PBXFileReference; fileEncoding = 4; lastKnownFileType = sourcecode.c.objc; path = "NSData+ImageContentType.m"; sourceTree = "<group>"; };
		842807361F3B6AAB003A0CC4 /* NSImage+WebCache.h */ = {isa = PBXFileReference; fileEncoding = 4; lastKnownFileType = sourcecode.c.h; path = "NSImage+WebCache.h"; sourceTree = "<group>"; };
		842807371F3B6AAB003A0CC4 /* NSImage+WebCache.m */ = {isa = PBXFileReference; fileEncoding = 4; lastKnownFileType = sourcecode.c.objc; path = "NSImage+WebCache.m"; sourceTree = "<group>"; };
		842807381F3B6AAB003A0CC4 /* SDImageCache.h */ = {isa = PBXFileReference; fileEncoding = 4; lastKnownFileType = sourcecode.c.h; path = SDImageCache.h; sourceTree = "<group>"; };
		842807391F3B6AAB003A0CC4 /* SDImageCache.m */ = {isa = PBXFileReference; fileEncoding = 4; lastKnownFileType = sourcecode.c.objc; path = SDImageCache.m; sourceTree = "<group>"; };
		8428073A1F3B6AAB003A0CC4 /* SDImageCacheConfig.h */ = {isa = PBXFileReference; fileEncoding = 4; lastKnownFileType = sourcecode.c.h; path = SDImageCacheConfig.h; sourceTree = "<group>"; };
		8428073B1F3B6AAB003A0CC4 /* SDImageCacheConfig.m */ = {isa = PBXFileReference; fileEncoding = 4; lastKnownFileType = sourcecode.c.objc; path = SDImageCacheConfig.m; sourceTree = "<group>"; };
		8428073C1F3B6AAB003A0CC4 /* SDWebImageCompat.h */ = {isa = PBXFileReference; fileEncoding = 4; lastKnownFileType = sourcecode.c.h; path = SDWebImageCompat.h; sourceTree = "<group>"; };
		8428073D1F3B6AAB003A0CC4 /* SDWebImageCompat.m */ = {isa = PBXFileReference; fileEncoding = 4; lastKnownFileType = sourcecode.c.objc; path = SDWebImageCompat.m; sourceTree = "<group>"; };
		8428073E1F3B6AAB003A0CC4 /* SDWebImageDecoder.h */ = {isa = PBXFileReference; fileEncoding = 4; lastKnownFileType = sourcecode.c.h; path = SDWebImageDecoder.h; sourceTree = "<group>"; };
		8428073F1F3B6AAB003A0CC4 /* SDWebImageDecoder.m */ = {isa = PBXFileReference; fileEncoding = 4; lastKnownFileType = sourcecode.c.objc; path = SDWebImageDecoder.m; sourceTree = "<group>"; };
		842807401F3B6AAB003A0CC4 /* SDWebImageDownloader.h */ = {isa = PBXFileReference; fileEncoding = 4; lastKnownFileType = sourcecode.c.h; path = SDWebImageDownloader.h; sourceTree = "<group>"; };
		842807411F3B6AAB003A0CC4 /* SDWebImageDownloader.m */ = {isa = PBXFileReference; fileEncoding = 4; lastKnownFileType = sourcecode.c.objc; path = SDWebImageDownloader.m; sourceTree = "<group>"; };
		842807421F3B6AAB003A0CC4 /* SDWebImageDownloaderOperation.h */ = {isa = PBXFileReference; fileEncoding = 4; lastKnownFileType = sourcecode.c.h; path = SDWebImageDownloaderOperation.h; sourceTree = "<group>"; };
		842807431F3B6AAB003A0CC4 /* SDWebImageDownloaderOperation.m */ = {isa = PBXFileReference; fileEncoding = 4; lastKnownFileType = sourcecode.c.objc; path = SDWebImageDownloaderOperation.m; sourceTree = "<group>"; };
		842807441F3B6AAB003A0CC4 /* SDWebImageManager.h */ = {isa = PBXFileReference; fileEncoding = 4; lastKnownFileType = sourcecode.c.h; path = SDWebImageManager.h; sourceTree = "<group>"; };
		842807451F3B6AAB003A0CC4 /* SDWebImageManager.m */ = {isa = PBXFileReference; fileEncoding = 4; lastKnownFileType = sourcecode.c.objc; path = SDWebImageManager.m; sourceTree = "<group>"; };
		842807461F3B6AAB003A0CC4 /* SDWebImageOperation.h */ = {isa = PBXFileReference; fileEncoding = 4; lastKnownFileType = sourcecode.c.h; path = SDWebImageOperation.h; sourceTree = "<group>"; };
		842807471F3B6AAB003A0CC4 /* SDWebImagePrefetcher.h */ = {isa = PBXFileReference; fileEncoding = 4; lastKnownFileType = sourcecode.c.h; path = SDWebImagePrefetcher.h; sourceTree = "<group>"; };
		842807481F3B6AAB003A0CC4 /* SDWebImagePrefetcher.m */ = {isa = PBXFileReference; fileEncoding = 4; lastKnownFileType = sourcecode.c.objc; path = SDWebImagePrefetcher.m; sourceTree = "<group>"; };
		842807491F3B6AAB003A0CC4 /* UIButton+WebCache.h */ = {isa = PBXFileReference; fileEncoding = 4; lastKnownFileType = sourcecode.c.h; path = "UIButton+WebCache.h"; sourceTree = "<group>"; };
		8428074A1F3B6AAB003A0CC4 /* UIButton+WebCache.m */ = {isa = PBXFileReference; fileEncoding = 4; lastKnownFileType = sourcecode.c.objc; path = "UIButton+WebCache.m"; sourceTree = "<group>"; };
		8428074B1F3B6AAB003A0CC4 /* UIImage+GIF.h */ = {isa = PBXFileReference; fileEncoding = 4; lastKnownFileType = sourcecode.c.h; path = "UIImage+GIF.h"; sourceTree = "<group>"; };
		8428074C1F3B6AAB003A0CC4 /* UIImage+GIF.m */ = {isa = PBXFileReference; fileEncoding = 4; lastKnownFileType = sourcecode.c.objc; path = "UIImage+GIF.m"; sourceTree = "<group>"; };
		8428074D1F3B6AAB003A0CC4 /* UIImage+MultiFormat.h */ = {isa = PBXFileReference; fileEncoding = 4; lastKnownFileType = sourcecode.c.h; path = "UIImage+MultiFormat.h"; sourceTree = "<group>"; };
		8428074E1F3B6AAB003A0CC4 /* UIImage+MultiFormat.m */ = {isa = PBXFileReference; fileEncoding = 4; lastKnownFileType = sourcecode.c.objc; path = "UIImage+MultiFormat.m"; sourceTree = "<group>"; };
		8428074F1F3B6AAB003A0CC4 /* UIImage+WebP.h */ = {isa = PBXFileReference; fileEncoding = 4; lastKnownFileType = sourcecode.c.h; path = "UIImage+WebP.h"; sourceTree = "<group>"; };
		842807501F3B6AAB003A0CC4 /* UIImage+WebP.m */ = {isa = PBXFileReference; fileEncoding = 4; lastKnownFileType = sourcecode.c.objc; path = "UIImage+WebP.m"; sourceTree = "<group>"; };
		842807511F3B6AAB003A0CC4 /* UIImageView+HighlightedWebCache.h */ = {isa = PBXFileReference; fileEncoding = 4; lastKnownFileType = sourcecode.c.h; path = "UIImageView+HighlightedWebCache.h"; sourceTree = "<group>"; };
		842807521F3B6AAB003A0CC4 /* UIImageView+HighlightedWebCache.m */ = {isa = PBXFileReference; fileEncoding = 4; lastKnownFileType = sourcecode.c.objc; path = "UIImageView+HighlightedWebCache.m"; sourceTree = "<group>"; };
		842807531F3B6AAB003A0CC4 /* UIImageView+WebCache.h */ = {isa = PBXFileReference; fileEncoding = 4; lastKnownFileType = sourcecode.c.h; path = "UIImageView+WebCache.h"; sourceTree = "<group>"; };
		842807541F3B6AAB003A0CC4 /* UIImageView+WebCache.m */ = {isa = PBXFileReference; fileEncoding = 4; lastKnownFileType = sourcecode.c.objc; path = "UIImageView+WebCache.m"; sourceTree = "<group>"; };
		842807551F3B6AAB003A0CC4 /* UIView+WebCache.h */ = {isa = PBXFileReference; fileEncoding = 4; lastKnownFileType = sourcecode.c.h; path = "UIView+WebCache.h"; sourceTree = "<group>"; };
		842807561F3B6AAB003A0CC4 /* UIView+WebCache.m */ = {isa = PBXFileReference; fileEncoding = 4; lastKnownFileType = sourcecode.c.objc; path = "UIView+WebCache.m"; sourceTree = "<group>"; };
		842807571F3B6AAB003A0CC4 /* UIView+WebCacheOperation.h */ = {isa = PBXFileReference; fileEncoding = 4; lastKnownFileType = sourcecode.c.h; path = "UIView+WebCacheOperation.h"; sourceTree = "<group>"; };
		842807581F3B6AAB003A0CC4 /* UIView+WebCacheOperation.m */ = {isa = PBXFileReference; fileEncoding = 4; lastKnownFileType = sourcecode.c.objc; path = "UIView+WebCacheOperation.m"; sourceTree = "<group>"; };
		8428078B1F3C6ACE003A0CC4 /* MLBorderView.h */ = {isa = PBXFileReference; fileEncoding = 4; lastKnownFileType = sourcecode.c.h; path = MLBorderView.h; sourceTree = "<group>"; };
		8428078C1F3C6ACE003A0CC4 /* MLBorderView.m */ = {isa = PBXFileReference; fileEncoding = 4; lastKnownFileType = sourcecode.c.objc; path = MLBorderView.m; sourceTree = "<group>"; };
		8428078D1F3C6ACE003A0CC4 /* MLComment.h */ = {isa = PBXFileReference; fileEncoding = 4; lastKnownFileType = sourcecode.c.h; path = MLComment.h; sourceTree = "<group>"; };
		8428078E1F3C6ACE003A0CC4 /* MLComment.m */ = {isa = PBXFileReference; fileEncoding = 4; lastKnownFileType = sourcecode.c.objc; path = MLComment.m; sourceTree = "<group>"; };
		8428078F1F3C6ACE003A0CC4 /* MLCommentContentCell.h */ = {isa = PBXFileReference; fileEncoding = 4; lastKnownFileType = sourcecode.c.h; path = MLCommentContentCell.h; sourceTree = "<group>"; };
		842807901F3C6ACE003A0CC4 /* MLCommentContentCell.m */ = {isa = PBXFileReference; fileEncoding = 4; lastKnownFileType = sourcecode.c.objc; path = MLCommentContentCell.m; sourceTree = "<group>"; };
		842807911F3C6ACE003A0CC4 /* MLCommentContentList.h */ = {isa = PBXFileReference; fileEncoding = 4; lastKnownFileType = sourcecode.c.h; path = MLCommentContentList.h; sourceTree = "<group>"; };
		842807921F3C6ACE003A0CC4 /* MLCommentContentList.m */ = {isa = PBXFileReference; fileEncoding = 4; lastKnownFileType = sourcecode.c.objc; path = MLCommentContentList.m; sourceTree = "<group>"; };
		842807931F3C6ACE003A0CC4 /* MLCommentViewController.h */ = {isa = PBXFileReference; fileEncoding = 4; lastKnownFileType = sourcecode.c.h; path = MLCommentViewController.h; sourceTree = "<group>"; };
		842807941F3C6ACE003A0CC4 /* MLCommentViewController.m */ = {isa = PBXFileReference; fileEncoding = 4; lastKnownFileType = sourcecode.c.objc; path = MLCommentViewController.m; sourceTree = "<group>"; };
		842807951F3C6ACE003A0CC4 /* MLCommentVoteButton.h */ = {isa = PBXFileReference; fileEncoding = 4; lastKnownFileType = sourcecode.c.h; path = MLCommentVoteButton.h; sourceTree = "<group>"; };
		842807961F3C6ACE003A0CC4 /* MLCommentVoteButton.m */ = {isa = PBXFileReference; fileEncoding = 4; lastKnownFileType = sourcecode.c.objc; path = MLCommentVoteButton.m; sourceTree = "<group>"; };
		842807971F3C6ACE003A0CC4 /* MLCommentVoteButton.xib */ = {isa = PBXFileReference; fileEncoding = 4; lastKnownFileType = file.xib; path = MLCommentVoteButton.xib; sourceTree = "<group>"; };
		8428079F1F3C6C2F003A0CC4 /* UIViewController+AnimationHUD.h */ = {isa = PBXFileReference; fileEncoding = 4; lastKnownFileType = sourcecode.c.h; path = "UIViewController+AnimationHUD.h"; sourceTree = "<group>"; };
		842807A01F3C6C2F003A0CC4 /* UIViewController+AnimationHUD.m */ = {isa = PBXFileReference; fileEncoding = 4; lastKnownFileType = sourcecode.c.objc; path = "UIViewController+AnimationHUD.m"; sourceTree = "<group>"; };
		842807A31F3C6C9A003A0CC4 /* MLRefreshView.h */ = {isa = PBXFileReference; fileEncoding = 4; lastKnownFileType = sourcecode.c.h; path = MLRefreshView.h; sourceTree = "<group>"; };
		842807A41F3C6C9A003A0CC4 /* MLRefreshView.m */ = {isa = PBXFileReference; fileEncoding = 4; lastKnownFileType = sourcecode.c.objc; path = MLRefreshView.m; sourceTree = "<group>"; };
		84CB78021F263AC7002DB5F7 /* MLCommentPage.app */ = {isa = PBXFileReference; explicitFileType = wrapper.application; includeInIndex = 0; path = MLCommentPage.app; sourceTree = BUILT_PRODUCTS_DIR; };
		84CB78061F263AC7002DB5F7 /* main.m */ = {isa = PBXFileReference; lastKnownFileType = sourcecode.c.objc; path = main.m; sourceTree = "<group>"; };
		84CB78081F263AC7002DB5F7 /* AppDelegate.h */ = {isa = PBXFileReference; lastKnownFileType = sourcecode.c.h; path = AppDelegate.h; sourceTree = "<group>"; };
		84CB78091F263AC7002DB5F7 /* AppDelegate.m */ = {isa = PBXFileReference; lastKnownFileType = sourcecode.c.objc; path = AppDelegate.m; sourceTree = "<group>"; };
		84CB780B1F263AC7002DB5F7 /* ViewController.h */ = {isa = PBXFileReference; lastKnownFileType = sourcecode.c.h; path = ViewController.h; sourceTree = "<group>"; };
		84CB780C1F263AC7002DB5F7 /* ViewController.m */ = {isa = PBXFileReference; lastKnownFileType = sourcecode.c.objc; path = ViewController.m; sourceTree = "<group>"; };
		84CB780F1F263AC7002DB5F7 /* Base */ = {isa = PBXFileReference; lastKnownFileType = file.storyboard; name = Base; path = Base.lproj/Main.storyboard; sourceTree = "<group>"; };
		84CB78111F263AC7002DB5F7 /* Assets.xcassets */ = {isa = PBXFileReference; lastKnownFileType = folder.assetcatalog; path = Assets.xcassets; sourceTree = "<group>"; };
		84CB78141F263AC7002DB5F7 /* Base */ = {isa = PBXFileReference; lastKnownFileType = file.storyboard; name = Base; path = Base.lproj/LaunchScreen.storyboard; sourceTree = "<group>"; };
		84CB78161F263AC7002DB5F7 /* Info.plist */ = {isa = PBXFileReference; lastKnownFileType = text.plist.xml; path = Info.plist; sourceTree = "<group>"; };
		84CB781B1F263AC7002DB5F7 /* MLCommentPageTests.xctest */ = {isa = PBXFileReference; explicitFileType = wrapper.cfbundle; includeInIndex = 0; path = MLCommentPageTests.xctest; sourceTree = BUILT_PRODUCTS_DIR; };
		84CB781F1F263AC7002DB5F7 /* MLCommentPageTests.m */ = {isa = PBXFileReference; lastKnownFileType = sourcecode.c.objc; path = MLCommentPageTests.m; sourceTree = "<group>"; };
		84CB78211F263AC7002DB5F7 /* Info.plist */ = {isa = PBXFileReference; lastKnownFileType = text.plist.xml; path = Info.plist; sourceTree = "<group>"; };
		84CB78261F263AC7002DB5F7 /* MLCommentPageUITests.xctest */ = {isa = PBXFileReference; explicitFileType = wrapper.cfbundle; includeInIndex = 0; path = MLCommentPageUITests.xctest; sourceTree = BUILT_PRODUCTS_DIR; };
		84CB782A1F263AC7002DB5F7 /* MLCommentPageUITests.m */ = {isa = PBXFileReference; lastKnownFileType = sourcecode.c.objc; path = MLCommentPageUITests.m; sourceTree = "<group>"; };
		84CB782C1F263AC7002DB5F7 /* Info.plist */ = {isa = PBXFileReference; lastKnownFileType = text.plist.xml; path = Info.plist; sourceTree = "<group>"; };
		84CB78471F263AE5002DB5F7 /* agreed_icon@2x.png */ = {isa = PBXFileReference; lastKnownFileType = image.png; path = "agreed_icon@2x.png"; sourceTree = "<group>"; };
		84CB78481F263AE5002DB5F7 /* extension_icon@2x.png */ = {isa = PBXFileReference; lastKnownFileType = image.png; path = "extension_icon@2x.png"; sourceTree = "<group>"; };
		84CB78491F263AE5002DB5F7 /* reply_icon@2x.png */ = {isa = PBXFileReference; lastKnownFileType = image.png; path = "reply_icon@2x.png"; sourceTree = "<group>"; };
		84CB784B1F263AE5002DB5F7 /* NSString+URLEncode.h */ = {isa = PBXFileReference; fileEncoding = 4; lastKnownFileType = sourcecode.c.h; path = "NSString+URLEncode.h"; sourceTree = "<group>"; };
		84CB784C1F263AE5002DB5F7 /* NSString+URLEncode.m */ = {isa = PBXFileReference; fileEncoding = 4; lastKnownFileType = sourcecode.c.objc; path = "NSString+URLEncode.m"; sourceTree = "<group>"; };
/* End PBXFileReference section */

/* Begin PBXFrameworksBuildPhase section */
		84CB77FF1F263AC7002DB5F7 /* Frameworks */ = {
			isa = PBXFrameworksBuildPhase;
			buildActionMask = 2147483647;
			files = (
			);
			runOnlyForDeploymentPostprocessing = 0;
		};
		84CB78181F263AC7002DB5F7 /* Frameworks */ = {
			isa = PBXFrameworksBuildPhase;
			buildActionMask = 2147483647;
			files = (
			);
			runOnlyForDeploymentPostprocessing = 0;
		};
		84CB78231F263AC7002DB5F7 /* Frameworks */ = {
			isa = PBXFrameworksBuildPhase;
			buildActionMask = 2147483647;
			files = (
			);
			runOnlyForDeploymentPostprocessing = 0;
		};
/* End PBXFrameworksBuildPhase section */

/* Begin PBXGroup section */
		842806EB1F3B6AAB003A0CC4 /* MJExtension */ = {
			isa = PBXGroup;
			children = (
				842806EC1F3B6AAB003A0CC4 /* Info.plist */,
				842806ED1F3B6AAB003A0CC4 /* MJExtension.h */,
				842806EE1F3B6AAB003A0CC4 /* MJExtensionConst.h */,
				842806EF1F3B6AAB003A0CC4 /* MJExtensionConst.m */,
				842806F01F3B6AAB003A0CC4 /* MJFoundation.h */,
				842806F11F3B6AAB003A0CC4 /* MJFoundation.m */,
				842806F21F3B6AAB003A0CC4 /* MJProperty.h */,
				842806F31F3B6AAB003A0CC4 /* MJProperty.m */,
				842806F41F3B6AAB003A0CC4 /* MJPropertyKey.h */,
				842806F51F3B6AAB003A0CC4 /* MJPropertyKey.m */,
				842806F61F3B6AAB003A0CC4 /* MJPropertyType.h */,
				842806F71F3B6AAB003A0CC4 /* MJPropertyType.m */,
				842806F81F3B6AAB003A0CC4 /* NSObject+MJClass.h */,
				842806F91F3B6AAB003A0CC4 /* NSObject+MJClass.m */,
				842806FA1F3B6AAB003A0CC4 /* NSObject+MJCoding.h */,
				842806FB1F3B6AAB003A0CC4 /* NSObject+MJCoding.m */,
				842806FC1F3B6AAB003A0CC4 /* NSObject+MJKeyValue.h */,
				842806FD1F3B6AAB003A0CC4 /* NSObject+MJKeyValue.m */,
				842806FE1F3B6AAB003A0CC4 /* NSObject+MJProperty.h */,
				842806FF1F3B6AAB003A0CC4 /* NSObject+MJProperty.m */,
				842807001F3B6AAB003A0CC4 /* NSString+MJExtension.h */,
				842807011F3B6AAB003A0CC4 /* NSString+MJExtension.m */,
			);
			path = MJExtension;
			sourceTree = "<group>";
		};
		842807021F3B6AAB003A0CC4 /* MJRefresh */ = {
			isa = PBXGroup;
			children = (
				842807031F3B6AAB003A0CC4 /* Base */,
				8428070E1F3B6AAB003A0CC4 /* Custom */,
				842807251F3B6AAB003A0CC4 /* MJRefresh.bundle */,
				842807261F3B6AAB003A0CC4 /* MJRefresh.h */,
				842807271F3B6AAB003A0CC4 /* MJRefreshConst.h */,
				842807281F3B6AAB003A0CC4 /* MJRefreshConst.m */,
				842807291F3B6AAB003A0CC4 /* NSBundle+MJRefresh.h */,
				8428072A1F3B6AAB003A0CC4 /* NSBundle+MJRefresh.m */,
				8428072B1F3B6AAB003A0CC4 /* UIScrollView+MJExtension.h */,
				8428072C1F3B6AAB003A0CC4 /* UIScrollView+MJExtension.m */,
				8428072D1F3B6AAB003A0CC4 /* UIScrollView+MJRefresh.h */,
				8428072E1F3B6AAB003A0CC4 /* UIScrollView+MJRefresh.m */,
				8428072F1F3B6AAB003A0CC4 /* UIView+MJExtension.h */,
				842807301F3B6AAB003A0CC4 /* UIView+MJExtension.m */,
			);
			path = MJRefresh;
			sourceTree = "<group>";
		};
		842807031F3B6AAB003A0CC4 /* Base */ = {
			isa = PBXGroup;
			children = (
				842807041F3B6AAB003A0CC4 /* MJRefreshAutoFooter.h */,
				842807051F3B6AAB003A0CC4 /* MJRefreshAutoFooter.m */,
				842807061F3B6AAB003A0CC4 /* MJRefreshBackFooter.h */,
				842807071F3B6AAB003A0CC4 /* MJRefreshBackFooter.m */,
				842807081F3B6AAB003A0CC4 /* MJRefreshComponent.h */,
				842807091F3B6AAB003A0CC4 /* MJRefreshComponent.m */,
				8428070A1F3B6AAB003A0CC4 /* MJRefreshFooter.h */,
				8428070B1F3B6AAB003A0CC4 /* MJRefreshFooter.m */,
				8428070C1F3B6AAB003A0CC4 /* MJRefreshHeader.h */,
				8428070D1F3B6AAB003A0CC4 /* MJRefreshHeader.m */,
			);
			path = Base;
			sourceTree = "<group>";
		};
		8428070E1F3B6AAB003A0CC4 /* Custom */ = {
			isa = PBXGroup;
			children = (
				8428070F1F3B6AAB003A0CC4 /* Footer */,
				8428071E1F3B6AAB003A0CC4 /* Header */,
			);
			path = Custom;
			sourceTree = "<group>";
		};
		8428070F1F3B6AAB003A0CC4 /* Footer */ = {
			isa = PBXGroup;
			children = (
				842807101F3B6AAB003A0CC4 /* Auto */,
				842807171F3B6AAB003A0CC4 /* Back */,
			);
			path = Footer;
			sourceTree = "<group>";
		};
		842807101F3B6AAB003A0CC4 /* Auto */ = {
			isa = PBXGroup;
			children = (
				842807111F3B6AAB003A0CC4 /* MJRefreshAutoGifFooter.h */,
				842807121F3B6AAB003A0CC4 /* MJRefreshAutoGifFooter.m */,
				842807131F3B6AAB003A0CC4 /* MJRefreshAutoNormalFooter.h */,
				842807141F3B6AAB003A0CC4 /* MJRefreshAutoNormalFooter.m */,
				842807151F3B6AAB003A0CC4 /* MJRefreshAutoStateFooter.h */,
				842807161F3B6AAB003A0CC4 /* MJRefreshAutoStateFooter.m */,
			);
			path = Auto;
			sourceTree = "<group>";
		};
		842807171F3B6AAB003A0CC4 /* Back */ = {
			isa = PBXGroup;
			children = (
				842807181F3B6AAB003A0CC4 /* MJRefreshBackGifFooter.h */,
				842807191F3B6AAB003A0CC4 /* MJRefreshBackGifFooter.m */,
				8428071A1F3B6AAB003A0CC4 /* MJRefreshBackNormalFooter.h */,
				8428071B1F3B6AAB003A0CC4 /* MJRefreshBackNormalFooter.m */,
				8428071C1F3B6AAB003A0CC4 /* MJRefreshBackStateFooter.h */,
				8428071D1F3B6AAB003A0CC4 /* MJRefreshBackStateFooter.m */,
			);
			path = Back;
			sourceTree = "<group>";
		};
		8428071E1F3B6AAB003A0CC4 /* Header */ = {
			isa = PBXGroup;
			children = (
				8428071F1F3B6AAB003A0CC4 /* MJRefreshGifHeader.h */,
				842807201F3B6AAB003A0CC4 /* MJRefreshGifHeader.m */,
				842807211F3B6AAB003A0CC4 /* MJRefreshNormalHeader.h */,
				842807221F3B6AAB003A0CC4 /* MJRefreshNormalHeader.m */,
				842807231F3B6AAB003A0CC4 /* MJRefreshStateHeader.h */,
				842807241F3B6AAB003A0CC4 /* MJRefreshStateHeader.m */,
			);
			path = Header;
			sourceTree = "<group>";
		};
		842807311F3B6AAB003A0CC4 /* SDWebImage */ = {
			isa = PBXGroup;
			children = (
				842807321F3B6AAB003A0CC4 /* MKAnnotationView+WebCache.h */,
				842807331F3B6AAB003A0CC4 /* MKAnnotationView+WebCache.m */,
				842807341F3B6AAB003A0CC4 /* NSData+ImageContentType.h */,
				842807351F3B6AAB003A0CC4 /* NSData+ImageContentType.m */,
				842807361F3B6AAB003A0CC4 /* NSImage+WebCache.h */,
				842807371F3B6AAB003A0CC4 /* NSImage+WebCache.m */,
				842807381F3B6AAB003A0CC4 /* SDImageCache.h */,
				842807391F3B6AAB003A0CC4 /* SDImageCache.m */,
				8428073A1F3B6AAB003A0CC4 /* SDImageCacheConfig.h */,
				8428073B1F3B6AAB003A0CC4 /* SDImageCacheConfig.m */,
				8428073C1F3B6AAB003A0CC4 /* SDWebImageCompat.h */,
				8428073D1F3B6AAB003A0CC4 /* SDWebImageCompat.m */,
				8428073E1F3B6AAB003A0CC4 /* SDWebImageDecoder.h */,
				8428073F1F3B6AAB003A0CC4 /* SDWebImageDecoder.m */,
				842807401F3B6AAB003A0CC4 /* SDWebImageDownloader.h */,
				842807411F3B6AAB003A0CC4 /* SDWebImageDownloader.m */,
				842807421F3B6AAB003A0CC4 /* SDWebImageDownloaderOperation.h */,
				842807431F3B6AAB003A0CC4 /* SDWebImageDownloaderOperation.m */,
				842807441F3B6AAB003A0CC4 /* SDWebImageManager.h */,
				842807451F3B6AAB003A0CC4 /* SDWebImageManager.m */,
				842807461F3B6AAB003A0CC4 /* SDWebImageOperation.h */,
				842807471F3B6AAB003A0CC4 /* SDWebImagePrefetcher.h */,
				842807481F3B6AAB003A0CC4 /* SDWebImagePrefetcher.m */,
				842807491F3B6AAB003A0CC4 /* UIButton+WebCache.h */,
				8428074A1F3B6AAB003A0CC4 /* UIButton+WebCache.m */,
				8428074B1F3B6AAB003A0CC4 /* UIImage+GIF.h */,
				8428074C1F3B6AAB003A0CC4 /* UIImage+GIF.m */,
				8428074D1F3B6AAB003A0CC4 /* UIImage+MultiFormat.h */,
				8428074E1F3B6AAB003A0CC4 /* UIImage+MultiFormat.m */,
				8428074F1F3B6AAB003A0CC4 /* UIImage+WebP.h */,
				842807501F3B6AAB003A0CC4 /* UIImage+WebP.m */,
				842807511F3B6AAB003A0CC4 /* UIImageView+HighlightedWebCache.h */,
				842807521F3B6AAB003A0CC4 /* UIImageView+HighlightedWebCache.m */,
				842807531F3B6AAB003A0CC4 /* UIImageView+WebCache.h */,
				842807541F3B6AAB003A0CC4 /* UIImageView+WebCache.m */,
				842807551F3B6AAB003A0CC4 /* UIView+WebCache.h */,
				842807561F3B6AAB003A0CC4 /* UIView+WebCache.m */,
				842807571F3B6AAB003A0CC4 /* UIView+WebCacheOperation.h */,
				842807581F3B6AAB003A0CC4 /* UIView+WebCacheOperation.m */,
			);
			path = SDWebImage;
			sourceTree = "<group>";
		};
		842807A21F3C6C9A003A0CC4 /* MLRefresh */ = {
			isa = PBXGroup;
			children = (
				842807A31F3C6C9A003A0CC4 /* MLRefreshView.h */,
				842807A41F3C6C9A003A0CC4 /* MLRefreshView.m */,
			);
			path = MLRefresh;
			sourceTree = "<group>";
		};
		84CB77F91F263AC7002DB5F7 = {
			isa = PBXGroup;
			children = (
				84CB78041F263AC7002DB5F7 /* MLCommentPage */,
				84CB781E1F263AC7002DB5F7 /* MLCommentPageTests */,
				84CB78291F263AC7002DB5F7 /* MLCommentPageUITests */,
				84CB78031F263AC7002DB5F7 /* Products */,
			);
			sourceTree = "<group>";
		};
		84CB78031F263AC7002DB5F7 /* Products */ = {
			isa = PBXGroup;
			children = (
				84CB78021F263AC7002DB5F7 /* MLCommentPage.app */,
				84CB781B1F263AC7002DB5F7 /* MLCommentPageTests.xctest */,
				84CB78261F263AC7002DB5F7 /* MLCommentPageUITests.xctest */,
			);
			name = Products;
			sourceTree = "<group>";
		};
		84CB78041F263AC7002DB5F7 /* MLCommentPage */ = {
			isa = PBXGroup;
			children = (
				84CB78381F263AE5002DB5F7 /* Core */,
				84CB78461F263AE5002DB5F7 /* Image */,
				84CB784A1F263AE5002DB5F7 /* Tool */,
				842806EB1F3B6AAB003A0CC4 /* MJExtension */,
				842807A21F3C6C9A003A0CC4 /* MLRefresh */,
				842807021F3B6AAB003A0CC4 /* MJRefresh */,
				842807311F3B6AAB003A0CC4 /* SDWebImage */,
				84CB78081F263AC7002DB5F7 /* AppDelegate.h */,
				84CB78091F263AC7002DB5F7 /* AppDelegate.m */,
				84CB780B1F263AC7002DB5F7 /* ViewController.h */,
				84CB780C1F263AC7002DB5F7 /* ViewController.m */,
				84CB780E1F263AC7002DB5F7 /* Main.storyboard */,
				84CB78111F263AC7002DB5F7 /* Assets.xcassets */,
				84CB78131F263AC7002DB5F7 /* LaunchScreen.storyboard */,
				84CB78161F263AC7002DB5F7 /* Info.plist */,
				84CB78051F263AC7002DB5F7 /* Supporting Files */,
			);
			path = MLCommentPage;
			sourceTree = "<group>";
		};
		84CB78051F263AC7002DB5F7 /* Supporting Files */ = {
			isa = PBXGroup;
			children = (
				84CB78061F263AC7002DB5F7 /* main.m */,
			);
			name = "Supporting Files";
			sourceTree = "<group>";
		};
		84CB781E1F263AC7002DB5F7 /* MLCommentPageTests */ = {
			isa = PBXGroup;
			children = (
				84CB781F1F263AC7002DB5F7 /* MLCommentPageTests.m */,
				84CB78211F263AC7002DB5F7 /* Info.plist */,
			);
			path = MLCommentPageTests;
			sourceTree = "<group>";
		};
		84CB78291F263AC7002DB5F7 /* MLCommentPageUITests */ = {
			isa = PBXGroup;
			children = (
				84CB782A1F263AC7002DB5F7 /* MLCommentPageUITests.m */,
				84CB782C1F263AC7002DB5F7 /* Info.plist */,
			);
			path = MLCommentPageUITests;
			sourceTree = "<group>";
		};
		84CB78381F263AE5002DB5F7 /* Core */ = {
			isa = PBXGroup;
			children = (
				8428078B1F3C6ACE003A0CC4 /* MLBorderView.h */,
				8428078C1F3C6ACE003A0CC4 /* MLBorderView.m */,
				8428078D1F3C6ACE003A0CC4 /* MLComment.h */,
				8428078E1F3C6ACE003A0CC4 /* MLComment.m */,
				8428078F1F3C6ACE003A0CC4 /* MLCommentContentCell.h */,
				842807901F3C6ACE003A0CC4 /* MLCommentContentCell.m */,
				842807911F3C6ACE003A0CC4 /* MLCommentContentList.h */,
				842807921F3C6ACE003A0CC4 /* MLCommentContentList.m */,
				842807931F3C6ACE003A0CC4 /* MLCommentViewController.h */,
				842807941F3C6ACE003A0CC4 /* MLCommentViewController.m */,
				842807951F3C6ACE003A0CC4 /* MLCommentVoteButton.h */,
				842807961F3C6ACE003A0CC4 /* MLCommentVoteButton.m */,
				842807971F3C6ACE003A0CC4 /* MLCommentVoteButton.xib */,
			);
			path = Core;
			sourceTree = "<group>";
		};
		84CB78461F263AE5002DB5F7 /* Image */ = {
			isa = PBXGroup;
			children = (
				84CB78471F263AE5002DB5F7 /* agreed_icon@2x.png */,
				84CB78481F263AE5002DB5F7 /* extension_icon@2x.png */,
				84CB78491F263AE5002DB5F7 /* reply_icon@2x.png */,
			);
			path = Image;
			sourceTree = "<group>";
		};
		84CB784A1F263AE5002DB5F7 /* Tool */ = {
			isa = PBXGroup;
			children = (
				8428079F1F3C6C2F003A0CC4 /* UIViewController+AnimationHUD.h */,
				842807A01F3C6C2F003A0CC4 /* UIViewController+AnimationHUD.m */,
				842806E21F3B6842003A0CC4 /* MLTool.h */,
				842806E31F3B6842003A0CC4 /* MLTool.m */,
				842806E41F3B6842003A0CC4 /* NSArray+Safe.h */,
				842806E51F3B6842003A0CC4 /* NSArray+Safe.m */,
				842806E61F3B6842003A0CC4 /* UIView+Position.h */,
				842806E71F3B6842003A0CC4 /* UIView+Position.m */,
				84CB784B1F263AE5002DB5F7 /* NSString+URLEncode.h */,
				84CB784C1F263AE5002DB5F7 /* NSString+URLEncode.m */,
			);
			path = Tool;
			sourceTree = "<group>";
		};
/* End PBXGroup section */

/* Begin PBXNativeTarget section */
		84CB78011F263AC7002DB5F7 /* MLCommentPage */ = {
			isa = PBXNativeTarget;
			buildConfigurationList = 84CB782F1F263AC7002DB5F7 /* Build configuration list for PBXNativeTarget "MLCommentPage" */;
			buildPhases = (
				84CB77FE1F263AC7002DB5F7 /* Sources */,
				84CB77FF1F263AC7002DB5F7 /* Frameworks */,
				84CB78001F263AC7002DB5F7 /* Resources */,
			);
			buildRules = (
			);
			dependencies = (
			);
			name = MLCommentPage;
			productName = MLCommentPage;
			productReference = 84CB78021F263AC7002DB5F7 /* MLCommentPage.app */;
			productType = "com.apple.product-type.application";
		};
		84CB781A1F263AC7002DB5F7 /* MLCommentPageTests */ = {
			isa = PBXNativeTarget;
			buildConfigurationList = 84CB78321F263AC7002DB5F7 /* Build configuration list for PBXNativeTarget "MLCommentPageTests" */;
			buildPhases = (
				84CB78171F263AC7002DB5F7 /* Sources */,
				84CB78181F263AC7002DB5F7 /* Frameworks */,
				84CB78191F263AC7002DB5F7 /* Resources */,
			);
			buildRules = (
			);
			dependencies = (
				84CB781D1F263AC7002DB5F7 /* PBXTargetDependency */,
			);
			name = MLCommentPageTests;
			productName = MLCommentPageTests;
			productReference = 84CB781B1F263AC7002DB5F7 /* MLCommentPageTests.xctest */;
			productType = "com.apple.product-type.bundle.unit-test";
		};
		84CB78251F263AC7002DB5F7 /* MLCommentPageUITests */ = {
			isa = PBXNativeTarget;
			buildConfigurationList = 84CB78351F263AC7002DB5F7 /* Build configuration list for PBXNativeTarget "MLCommentPageUITests" */;
			buildPhases = (
				84CB78221F263AC7002DB5F7 /* Sources */,
				84CB78231F263AC7002DB5F7 /* Frameworks */,
				84CB78241F263AC7002DB5F7 /* Resources */,
			);
			buildRules = (
			);
			dependencies = (
				84CB78281F263AC7002DB5F7 /* PBXTargetDependency */,
			);
			name = MLCommentPageUITests;
			productName = MLCommentPageUITests;
			productReference = 84CB78261F263AC7002DB5F7 /* MLCommentPageUITests.xctest */;
			productType = "com.apple.product-type.bundle.ui-testing";
		};
/* End PBXNativeTarget section */

/* Begin PBXProject section */
		84CB77FA1F263AC7002DB5F7 /* Project object */ = {
			isa = PBXProject;
			attributes = {
				LastUpgradeCheck = 0830;
				ORGANIZATIONNAME = "吴明磊";
				TargetAttributes = {
					84CB78011F263AC7002DB5F7 = {
						CreatedOnToolsVersion = 8.3.3;
						DevelopmentTeam = G5RPGT9NVU;
						ProvisioningStyle = Automatic;
					};
					84CB781A1F263AC7002DB5F7 = {
						CreatedOnToolsVersion = 8.3.3;
						DevelopmentTeam = G5RPGT9NVU;
						ProvisioningStyle = Automatic;
						TestTargetID = 84CB78011F263AC7002DB5F7;
					};
					84CB78251F263AC7002DB5F7 = {
						CreatedOnToolsVersion = 8.3.3;
						DevelopmentTeam = G5RPGT9NVU;
						ProvisioningStyle = Automatic;
						TestTargetID = 84CB78011F263AC7002DB5F7;
					};
				};
			};
			buildConfigurationList = 84CB77FD1F263AC7002DB5F7 /* Build configuration list for PBXProject "MLCommentPage" */;
			compatibilityVersion = "Xcode 3.2";
			developmentRegion = English;
			hasScannedForEncodings = 0;
			knownRegions = (
				en,
				Base,
			);
			mainGroup = 84CB77F91F263AC7002DB5F7;
			productRefGroup = 84CB78031F263AC7002DB5F7 /* Products */;
			projectDirPath = "";
			projectRoot = "";
			targets = (
				84CB78011F263AC7002DB5F7 /* MLCommentPage */,
				84CB781A1F263AC7002DB5F7 /* MLCommentPageTests */,
				84CB78251F263AC7002DB5F7 /* MLCommentPageUITests */,
			);
		};
/* End PBXProject section */

/* Begin PBXResourcesBuildPhase section */
		84CB78001F263AC7002DB5F7 /* Resources */ = {
			isa = PBXResourcesBuildPhase;
			buildActionMask = 2147483647;
			files = (
				842807591F3B6AAB003A0CC4 /* Info.plist in Resources */,
				84CB78151F263AC7002DB5F7 /* LaunchScreen.storyboard in Resources */,
				84CB78541F263AE5002DB5F7 /* agreed_icon@2x.png in Resources */,
				84CB78121F263AC7002DB5F7 /* Assets.xcassets in Resources */,
				8428079E1F3C6ACE003A0CC4 /* MLCommentVoteButton.xib in Resources */,
				84CB78101F263AC7002DB5F7 /* Main.storyboard in Resources */,
				84CB78551F263AE5002DB5F7 /* extension_icon@2x.png in Resources */,
				84CB78561F263AE5002DB5F7 /* reply_icon@2x.png in Resources */,
				842807721F3B6AAC003A0CC4 /* MJRefresh.bundle in Resources */,
			);
			runOnlyForDeploymentPostprocessing = 0;
		};
		84CB78191F263AC7002DB5F7 /* Resources */ = {
			isa = PBXResourcesBuildPhase;
			buildActionMask = 2147483647;
			files = (
			);
			runOnlyForDeploymentPostprocessing = 0;
		};
		84CB78241F263AC7002DB5F7 /* Resources */ = {
			isa = PBXResourcesBuildPhase;
			buildActionMask = 2147483647;
			files = (
			);
			runOnlyForDeploymentPostprocessing = 0;
		};
/* End PBXResourcesBuildPhase section */

/* Begin PBXSourcesBuildPhase section */
		84CB77FE1F263AC7002DB5F7 /* Sources */ = {
			isa = PBXSourcesBuildPhase;
			buildActionMask = 2147483647;
			files = (
				842807711F3B6AAC003A0CC4 /* MJRefreshStateHeader.m in Sources */,
				8428075A1F3B6AAB003A0CC4 /* MJExtensionConst.m in Sources */,
				8428079A1F3C6ACE003A0CC4 /* MLCommentContentCell.m in Sources */,
				842807751F3B6AAC003A0CC4 /* UIScrollView+MJExtension.m in Sources */,
				842807A51F3C6C9A003A0CC4 /* MLRefreshView.m in Sources */,
				8428079D1F3C6ACE003A0CC4 /* MLCommentVoteButton.m in Sources */,
				842807811F3B6AAC003A0CC4 /* SDWebImageManager.m in Sources */,
				8428076F1F3B6AAC003A0CC4 /* MJRefreshGifHeader.m in Sources */,
				8428076D1F3B6AAC003A0CC4 /* MJRefreshBackNormalFooter.m in Sources */,
				8428077E1F3B6AAC003A0CC4 /* SDWebImageDecoder.m in Sources */,
				842807681F3B6AAC003A0CC4 /* MJRefreshHeader.m in Sources */,
				842807861F3B6AAC003A0CC4 /* UIImage+WebP.m in Sources */,
				8428075C1F3B6AAB003A0CC4 /* MJProperty.m in Sources */,
				842807601F3B6AAC003A0CC4 /* NSObject+MJCoding.m in Sources */,
				842807981F3C6ACE003A0CC4 /* MLBorderView.m in Sources */,
				842807791F3B6AAC003A0CC4 /* NSData+ImageContentType.m in Sources */,
				8428075B1F3B6AAB003A0CC4 /* MJFoundation.m in Sources */,
				8428077F1F3B6AAC003A0CC4 /* SDWebImageDownloader.m in Sources */,
				842807A11F3C6C2F003A0CC4 /* UIViewController+AnimationHUD.m in Sources */,
				8428075D1F3B6AAC003A0CC4 /* MJPropertyKey.m in Sources */,
				842807661F3B6AAC003A0CC4 /* MJRefreshComponent.m in Sources */,
				84CB780D1F263AC7002DB5F7 /* ViewController.m in Sources */,
				842807871F3B6AAC003A0CC4 /* UIImageView+HighlightedWebCache.m in Sources */,
				8428076A1F3B6AAC003A0CC4 /* MJRefreshAutoNormalFooter.m in Sources */,
				842807781F3B6AAC003A0CC4 /* MKAnnotationView+WebCache.m in Sources */,
				84CB780A1F263AC7002DB5F7 /* AppDelegate.m in Sources */,
				842807611F3B6AAC003A0CC4 /* NSObject+MJKeyValue.m in Sources */,
				8428075E1F3B6AAC003A0CC4 /* MJPropertyType.m in Sources */,
				842807891F3B6AAC003A0CC4 /* UIView+WebCache.m in Sources */,
				842807881F3B6AAC003A0CC4 /* UIImageView+WebCache.m in Sources */,
				842807851F3B6AAC003A0CC4 /* UIImage+MultiFormat.m in Sources */,
				8428077C1F3B6AAC003A0CC4 /* SDImageCacheConfig.m in Sources */,
				842807831F3B6AAC003A0CC4 /* UIButton+WebCache.m in Sources */,
				8428076C1F3B6AAC003A0CC4 /* MJRefreshBackGifFooter.m in Sources */,
				842807821F3B6AAC003A0CC4 /* SDWebImagePrefetcher.m in Sources */,
				8428078A1F3B6AAC003A0CC4 /* UIView+WebCacheOperation.m in Sources */,
				842807701F3B6AAC003A0CC4 /* MJRefreshNormalHeader.m in Sources */,
				84CB78071F263AC7002DB5F7 /* main.m in Sources */,
				8428077D1F3B6AAC003A0CC4 /* SDWebImageCompat.m in Sources */,
				8428079B1F3C6ACE003A0CC4 /* MLCommentContentList.m in Sources */,
				8428076B1F3B6AAC003A0CC4 /* MJRefreshAutoStateFooter.m in Sources */,
				8428077B1F3B6AAC003A0CC4 /* SDImageCache.m in Sources */,
				842807841F3B6AAC003A0CC4 /* UIImage+GIF.m in Sources */,
				842807731F3B6AAC003A0CC4 /* MJRefreshConst.m in Sources */,
				842807621F3B6AAC003A0CC4 /* NSObject+MJProperty.m in Sources */,
				8428076E1F3B6AAC003A0CC4 /* MJRefreshBackStateFooter.m in Sources */,
				842807741F3B6AAC003A0CC4 /* NSBundle+MJRefresh.m in Sources */,
				842807691F3B6AAC003A0CC4 /* MJRefreshAutoGifFooter.m in Sources */,
				842807771F3B6AAC003A0CC4 /* UIView+MJExtension.m in Sources */,
				842807761F3B6AAC003A0CC4 /* UIScrollView+MJRefresh.m in Sources */,
				8428075F1F3B6AAC003A0CC4 /* NSObject+MJClass.m in Sources */,
				842807651F3B6AAC003A0CC4 /* MJRefreshBackFooter.m in Sources */,
				842807801F3B6AAC003A0CC4 /* SDWebImageDownloaderOperation.m in Sources */,
				84CB78571F263AE6002DB5F7 /* NSString+URLEncode.m in Sources */,
				842807631F3B6AAC003A0CC4 /* NSString+MJExtension.m in Sources */,
				842806EA1F3B6842003A0CC4 /* UIView+Position.m in Sources */,
				842807671F3B6AAC003A0CC4 /* MJRefreshFooter.m in Sources */,
				842806E81F3B6842003A0CC4 /* MLTool.m in Sources */,
				842807991F3C6ACE003A0CC4 /* MLComment.m in Sources */,
				842807641F3B6AAC003A0CC4 /* MJRefreshAutoFooter.m in Sources */,
				842806E91F3B6842003A0CC4 /* NSArray+Safe.m in Sources */,
				8428077A1F3B6AAC003A0CC4 /* NSImage+WebCache.m in Sources */,
				8428079C1F3C6ACE003A0CC4 /* MLCommentViewController.m in Sources */,
			);
			runOnlyForDeploymentPostprocessing = 0;
		};
		84CB78171F263AC7002DB5F7 /* Sources */ = {
			isa = PBXSourcesBuildPhase;
			buildActionMask = 2147483647;
			files = (
				84CB78201F263AC7002DB5F7 /* MLCommentPageTests.m in Sources */,
			);
			runOnlyForDeploymentPostprocessing = 0;
		};
		84CB78221F263AC7002DB5F7 /* Sources */ = {
			isa = PBXSourcesBuildPhase;
			buildActionMask = 2147483647;
			files = (
				84CB782B1F263AC7002DB5F7 /* MLCommentPageUITests.m in Sources */,
			);
			runOnlyForDeploymentPostprocessing = 0;
		};
/* End PBXSourcesBuildPhase section */

/* Begin PBXTargetDependency section */
		84CB781D1F263AC7002DB5F7 /* PBXTargetDependency */ = {
			isa = PBXTargetDependency;
			target = 84CB78011F263AC7002DB5F7 /* MLCommentPage */;
			targetProxy = 84CB781C1F263AC7002DB5F7 /* PBXContainerItemProxy */;
		};
		84CB78281F263AC7002DB5F7 /* PBXTargetDependency */ = {
			isa = PBXTargetDependency;
			target = 84CB78011F263AC7002DB5F7 /* MLCommentPage */;
			targetProxy = 84CB78271F263AC7002DB5F7 /* PBXContainerItemProxy */;
		};
/* End PBXTargetDependency section */

/* Begin PBXVariantGroup section */
		84CB780E1F263AC7002DB5F7 /* Main.storyboard */ = {
			isa = PBXVariantGroup;
			children = (
				84CB780F1F263AC7002DB5F7 /* Base */,
			);
			name = Main.storyboard;
			sourceTree = "<group>";
		};
		84CB78131F263AC7002DB5F7 /* LaunchScreen.storyboard */ = {
			isa = PBXVariantGroup;
			children = (
				84CB78141F263AC7002DB5F7 /* Base */,
			);
			name = LaunchScreen.storyboard;
			sourceTree = "<group>";
		};
/* End PBXVariantGroup section */

/* Begin XCBuildConfiguration section */
		84CB782D1F263AC7002DB5F7 /* Debug */ = {
			isa = XCBuildConfiguration;
			buildSettings = {
				ALWAYS_SEARCH_USER_PATHS = NO;
				CLANG_ANALYZER_NONNULL = YES;
				CLANG_ANALYZER_NUMBER_OBJECT_CONVERSION = YES_AGGRESSIVE;
				CLANG_CXX_LANGUAGE_STANDARD = "gnu++0x";
				CLANG_CXX_LIBRARY = "libc++";
				CLANG_ENABLE_MODULES = YES;
				CLANG_ENABLE_OBJC_ARC = YES;
				CLANG_WARN_BOOL_CONVERSION = YES;
				CLANG_WARN_CONSTANT_CONVERSION = YES;
				CLANG_WARN_DIRECT_OBJC_ISA_USAGE = YES_ERROR;
				CLANG_WARN_DOCUMENTATION_COMMENTS = YES;
				CLANG_WARN_EMPTY_BODY = YES;
				CLANG_WARN_ENUM_CONVERSION = YES;
				CLANG_WARN_INFINITE_RECURSION = YES;
				CLANG_WARN_INT_CONVERSION = YES;
				CLANG_WARN_OBJC_ROOT_CLASS = YES_ERROR;
				CLANG_WARN_SUSPICIOUS_MOVE = YES;
				CLANG_WARN_UNREACHABLE_CODE = YES;
				CLANG_WARN__DUPLICATE_METHOD_MATCH = YES;
				"CODE_SIGN_IDENTITY[sdk=iphoneos*]" = "iPhone Developer";
				COPY_PHASE_STRIP = NO;
				DEBUG_INFORMATION_FORMAT = dwarf;
				ENABLE_STRICT_OBJC_MSGSEND = YES;
				ENABLE_TESTABILITY = YES;
				GCC_C_LANGUAGE_STANDARD = gnu99;
				GCC_DYNAMIC_NO_PIC = NO;
				GCC_NO_COMMON_BLOCKS = YES;
				GCC_OPTIMIZATION_LEVEL = 0;
				GCC_PREPROCESSOR_DEFINITIONS = (
					"DEBUG=1",
					"$(inherited)",
				);
				GCC_WARN_64_TO_32_BIT_CONVERSION = YES;
				GCC_WARN_ABOUT_RETURN_TYPE = YES_ERROR;
				GCC_WARN_UNDECLARED_SELECTOR = YES;
				GCC_WARN_UNINITIALIZED_AUTOS = YES_AGGRESSIVE;
				GCC_WARN_UNUSED_FUNCTION = YES;
				GCC_WARN_UNUSED_VARIABLE = YES;
				IPHONEOS_DEPLOYMENT_TARGET = 10.3;
				MTL_ENABLE_DEBUG_INFO = YES;
				ONLY_ACTIVE_ARCH = YES;
				SDKROOT = iphoneos;
				TARGETED_DEVICE_FAMILY = "1,2";
			};
			name = Debug;
		};
		84CB782E1F263AC7002DB5F7 /* Release */ = {
			isa = XCBuildConfiguration;
			buildSettings = {
				ALWAYS_SEARCH_USER_PATHS = NO;
				CLANG_ANALYZER_NONNULL = YES;
				CLANG_ANALYZER_NUMBER_OBJECT_CONVERSION = YES_AGGRESSIVE;
				CLANG_CXX_LANGUAGE_STANDARD = "gnu++0x";
				CLANG_CXX_LIBRARY = "libc++";
				CLANG_ENABLE_MODULES = YES;
				CLANG_ENABLE_OBJC_ARC = YES;
				CLANG_WARN_BOOL_CONVERSION = YES;
				CLANG_WARN_CONSTANT_CONVERSION = YES;
				CLANG_WARN_DIRECT_OBJC_ISA_USAGE = YES_ERROR;
				CLANG_WARN_DOCUMENTATION_COMMENTS = YES;
				CLANG_WARN_EMPTY_BODY = YES;
				CLANG_WARN_ENUM_CONVERSION = YES;
				CLANG_WARN_INFINITE_RECURSION = YES;
				CLANG_WARN_INT_CONVERSION = YES;
				CLANG_WARN_OBJC_ROOT_CLASS = YES_ERROR;
				CLANG_WARN_SUSPICIOUS_MOVE = YES;
				CLANG_WARN_UNREACHABLE_CODE = YES;
				CLANG_WARN__DUPLICATE_METHOD_MATCH = YES;
				"CODE_SIGN_IDENTITY[sdk=iphoneos*]" = "iPhone Developer";
				COPY_PHASE_STRIP = NO;
				DEBUG_INFORMATION_FORMAT = "dwarf-with-dsym";
				ENABLE_NS_ASSERTIONS = NO;
				ENABLE_STRICT_OBJC_MSGSEND = YES;
				GCC_C_LANGUAGE_STANDARD = gnu99;
				GCC_NO_COMMON_BLOCKS = YES;
				GCC_WARN_64_TO_32_BIT_CONVERSION = YES;
				GCC_WARN_ABOUT_RETURN_TYPE = YES_ERROR;
				GCC_WARN_UNDECLARED_SELECTOR = YES;
				GCC_WARN_UNINITIALIZED_AUTOS = YES_AGGRESSIVE;
				GCC_WARN_UNUSED_FUNCTION = YES;
				GCC_WARN_UNUSED_VARIABLE = YES;
				IPHONEOS_DEPLOYMENT_TARGET = 10.3;
				MTL_ENABLE_DEBUG_INFO = NO;
				SDKROOT = iphoneos;
				TARGETED_DEVICE_FAMILY = "1,2";
				VALIDATE_PRODUCT = YES;
			};
			name = Release;
		};
		84CB78301F263AC7002DB5F7 /* Debug */ = {
			isa = XCBuildConfiguration;
			buildSettings = {
				ASSETCATALOG_COMPILER_APPICON_NAME = AppIcon;
				DEVELOPMENT_TEAM = G5RPGT9NVU;
				INFOPLIST_FILE = MLCommentPage/Info.plist;
				LD_RUNPATH_SEARCH_PATHS = "$(inherited) @executable_path/Frameworks";
				PRODUCT_BUNDLE_IDENTIFIER = cn.com.minlay.MLCommentPage;
				PRODUCT_NAME = "$(TARGET_NAME)";
			};
			name = Debug;
		};
		84CB78311F263AC7002DB5F7 /* Release */ = {
			isa = XCBuildConfiguration;
			buildSettings = {
				ASSETCATALOG_COMPILER_APPICON_NAME = AppIcon;
				DEVELOPMENT_TEAM = G5RPGT9NVU;
				INFOPLIST_FILE = MLCommentPage/Info.plist;
				LD_RUNPATH_SEARCH_PATHS = "$(inherited) @executable_path/Frameworks";
				PRODUCT_BUNDLE_IDENTIFIER = cn.com.minlay.MLCommentPage;
				PRODUCT_NAME = "$(TARGET_NAME)";
			};
			name = Release;
		};
		84CB78331F263AC7002DB5F7 /* Debug */ = {
			isa = XCBuildConfiguration;
			buildSettings = {
				BUNDLE_LOADER = "$(TEST_HOST)";
				DEVELOPMENT_TEAM = G5RPGT9NVU;
				INFOPLIST_FILE = MLCommentPageTests/Info.plist;
				LD_RUNPATH_SEARCH_PATHS = "$(inherited) @executable_path/Frameworks @loader_path/Frameworks";
				PRODUCT_BUNDLE_IDENTIFIER = cn.com.minlay.MLCommentPageTests;
				PRODUCT_NAME = "$(TARGET_NAME)";
				TEST_HOST = "$(BUILT_PRODUCTS_DIR)/MLCommentPage.app/MLCommentPage";
			};
			name = Debug;
		};
		84CB78341F263AC7002DB5F7 /* Release */ = {
			isa = XCBuildConfiguration;
			buildSettings = {
				BUNDLE_LOADER = "$(TEST_HOST)";
				DEVELOPMENT_TEAM = G5RPGT9NVU;
				INFOPLIST_FILE = MLCommentPageTests/Info.plist;
				LD_RUNPATH_SEARCH_PATHS = "$(inherited) @executable_path/Frameworks @loader_path/Frameworks";
				PRODUCT_BUNDLE_IDENTIFIER = cn.com.minlay.MLCommentPageTests;
				PRODUCT_NAME = "$(TARGET_NAME)";
				TEST_HOST = "$(BUILT_PRODUCTS_DIR)/MLCommentPage.app/MLCommentPage";
			};
			name = Release;
		};
		84CB78361F263AC7002DB5F7 /* Debug */ = {
			isa = XCBuildConfiguration;
			buildSettings = {
				DEVELOPMENT_TEAM = G5RPGT9NVU;
				INFOPLIST_FILE = MLCommentPageUITests/Info.plist;
				LD_RUNPATH_SEARCH_PATHS = "$(inherited) @executable_path/Frameworks @loader_path/Frameworks";
				PRODUCT_BUNDLE_IDENTIFIER = cn.com.minlay.MLCommentPageUITests;
				PRODUCT_NAME = "$(TARGET_NAME)";
				TEST_TARGET_NAME = MLCommentPage;
			};
			name = Debug;
		};
		84CB78371F263AC7002DB5F7 /* Release */ = {
			isa = XCBuildConfiguration;
			buildSettings = {
				DEVELOPMENT_TEAM = G5RPGT9NVU;
				INFOPLIST_FILE = MLCommentPageUITests/Info.plist;
				LD_RUNPATH_SEARCH_PATHS = "$(inherited) @executable_path/Frameworks @loader_path/Frameworks";
				PRODUCT_BUNDLE_IDENTIFIER = cn.com.minlay.MLCommentPageUITests;
				PRODUCT_NAME = "$(TARGET_NAME)";
				TEST_TARGET_NAME = MLCommentPage;
			};
			name = Release;
		};
/* End XCBuildConfiguration section */

/* Begin XCConfigurationList section */
		84CB77FD1F263AC7002DB5F7 /* Build configuration list for PBXProject "MLCommentPage" */ = {
			isa = XCConfigurationList;
			buildConfigurations = (
				84CB782D1F263AC7002DB5F7 /* Debug */,
				84CB782E1F263AC7002DB5F7 /* Release */,
			);
			defaultConfigurationIsVisible = 0;
			defaultConfigurationName = Release;
		};
		84CB782F1F263AC7002DB5F7 /* Build configuration list for PBXNativeTarget "MLCommentPage" */ = {
			isa = XCConfigurationList;
			buildConfigurations = (
				84CB78301F263AC7002DB5F7 /* Debug */,
				84CB78311F263AC7002DB5F7 /* Release */,
			);
			defaultConfigurationIsVisible = 0;
			defaultConfigurationName = Release;
		};
		84CB78321F263AC7002DB5F7 /* Build configuration list for PBXNativeTarget "MLCommentPageTests" */ = {
			isa = XCConfigurationList;
			buildConfigurations = (
				84CB78331F263AC7002DB5F7 /* Debug */,
				84CB78341F263AC7002DB5F7 /* Release */,
			);
			defaultConfigurationIsVisible = 0;
			defaultConfigurationName = Release;
		};
		84CB78351F263AC7002DB5F7 /* Build configuration list for PBXNativeTarget "MLCommentPageUITests" */ = {
			isa = XCConfigurationList;
			buildConfigurations = (
				84CB78361F263AC7002DB5F7 /* Debug */,
				84CB78371F263AC7002DB5F7 /* Release */,
			);
			defaultConfigurationIsVisible = 0;
			defaultConfigurationName = Release;
		};
/* End XCConfigurationList section */
	};
	rootObject = 84CB77FA1F263AC7002DB5F7 /* Project object */;
}
